
Microsoft Visual Studio Solution File, Format Version 12.00
# Visual Studio 14
VisualStudioVersion = 14.0.24720.0
MinimumVisualStudioVersion = 10.0.40219.1
Project("{2150E333-8FDC-42A3-9474-1A3956D46DE8}") = "src", "src", "{6E3E8C9C-FCF1-4228-9A73-DA56FE506CCF}"
EndProject
Project("{2150E333-8FDC-42A3-9474-1A3956D46DE8}") = "Solution Items", "Solution Items", "{CAD41636-5E7F-4C0F-AFE8-857DB19A201E}"
	ProjectSection(SolutionItems) = preProject
		global.json = global.json
		Prebuild.ps1 = Prebuild.ps1
		RunTests.ps1 = RunTests.ps1
		WE-Palette.css = WE-Palette.css
	EndProjectSection
EndProject
Project("{2150E333-8FDC-42A3-9474-1A3956D46DE8}") = "PublishScripts", "PublishScripts", "{F95A703B-F991-4523-AE5D-BEA036E78CD4}"
EndProject
Project("{2150E333-8FDC-42A3-9474-1A3956D46DE8}") = "Scripts", "Scripts", "{585A6BB4-7020-4561-B083-98AB82DFAE17}"
	ProjectSection(SolutionItems) = preProject
		PublishScripts\Scripts\Deploy-AzureResourceGroup.ps1 = PublishScripts\Scripts\Deploy-AzureResourceGroup.ps1
		PublishScripts\Scripts\Deploy-DockerAzureResourceGroup-2.ps1 = PublishScripts\Scripts\Deploy-DockerAzureResourceGroup-2.ps1
		PublishScripts\Scripts\Deploy-DockerAzureResourceGroup.ps1 = PublishScripts\Scripts\Deploy-DockerAzureResourceGroup.ps1
	EndProjectSection
EndProject
Project("{2150E333-8FDC-42A3-9474-1A3956D46DE8}") = "Templates", "Templates", "{A6B4CAD5-30AD-4461-B5A0-6D720095B7DE}"
	ProjectSection(SolutionItems) = preProject
		PublishScripts\Templates\Nocturno.json = PublishScripts\Templates\Nocturno.json
		PublishScripts\Templates\Nocturno.param.dev.json = PublishScripts\Templates\Nocturno.param.dev.json
		PublishScripts\Templates\Nocturno.WebDockerVM-2.json = PublishScripts\Templates\Nocturno.WebDockerVM-2.json
		PublishScripts\Templates\Nocturno.WebDockerVM.json = PublishScripts\Templates\Nocturno.WebDockerVM.json
		PublishScripts\Templates\Nocturno.WebDockerVM.param.dev-2.json = PublishScripts\Templates\Nocturno.WebDockerVM.param.dev-2.json
		PublishScripts\Templates\Nocturno.WebDockerVM.param.dev.json = PublishScripts\Templates\Nocturno.WebDockerVM.param.dev.json
	EndProjectSection
EndProject
Project("{8BB2217D-0F2D-49D1-97BC-3654ED321F3B}") = "Nocturno.Service", "src\Nocturno.Service\Nocturno.Service.xproj", "{6B07C95C-6178-4AAD-BB76-2543DE7FD168}"
EndProject
Project("{2150E333-8FDC-42A3-9474-1A3956D46DE8}") = "test", "test", "{6F6DFAF3-C68A-45BD-A3DE-56C37EEB6FF4}"
EndProject
Project("{8BB2217D-0F2D-49D1-97BC-3654ED321F3B}") = "Nocturno.Web", "src\Nocturno.Web\Nocturno.Web.xproj", "{8B0A374A-83D7-458A-AB99-DF8389DF1212}"
EndProject
Project("{8BB2217D-0F2D-49D1-97BC-3654ED321F3B}") = "Nocturno.Service.Test", "test\Nocturno.Service.Test\Nocturno.Service.Test.xproj", "{9199B18A-3E6D-4BB2-9AFE-6D4B531AD48C}"
EndProject
Project("{8BB2217D-0F2D-49D1-97BC-3654ED321F3B}") = "Nocturno.Web.Test", "test\Nocturno.Web.Test\Nocturno.Web.Test.xproj", "{0AF631BE-46C4-4B3A-BA88-7EEB52C5BF6F}"
EndProject
Project("{8BB2217D-0F2D-49D1-97BC-3654ED321F3B}") = "Nocturno.Data", "src\Nocturno.Data\Nocturno.Data.xproj", "{9A55B6FF-698E-4A45-B2BA-8D927DD980CF}"
EndProject
Global
	GlobalSection(SolutionConfigurationPlatforms) = preSolution
		Debug|Any CPU = Debug|Any CPU
		Release|Any CPU = Release|Any CPU
	EndGlobalSection
	GlobalSection(ProjectConfigurationPlatforms) = postSolution
		{6B07C95C-6178-4AAD-BB76-2543DE7FD168}.Debug|Any CPU.ActiveCfg = Debug|Any CPU
		{6B07C95C-6178-4AAD-BB76-2543DE7FD168}.Debug|Any CPU.Build.0 = Debug|Any CPU
		{6B07C95C-6178-4AAD-BB76-2543DE7FD168}.Release|Any CPU.ActiveCfg = Release|Any CPU
		{6B07C95C-6178-4AAD-BB76-2543DE7FD168}.Release|Any CPU.Build.0 = Release|Any CPU
		{8B0A374A-83D7-458A-AB99-DF8389DF1212}.Debug|Any CPU.ActiveCfg = Debug|Any CPU
		{8B0A374A-83D7-458A-AB99-DF8389DF1212}.Debug|Any CPU.Build.0 = Debug|Any CPU
		{8B0A374A-83D7-458A-AB99-DF8389DF1212}.Release|Any CPU.ActiveCfg = Release|Any CPU
		{8B0A374A-83D7-458A-AB99-DF8389DF1212}.Release|Any CPU.Build.0 = Release|Any CPU
		{9199B18A-3E6D-4BB2-9AFE-6D4B531AD48C}.Debug|Any CPU.ActiveCfg = Debug|Any CPU
		{9199B18A-3E6D-4BB2-9AFE-6D4B531AD48C}.Debug|Any CPU.Build.0 = Debug|Any CPU
		{9199B18A-3E6D-4BB2-9AFE-6D4B531AD48C}.Release|Any CPU.ActiveCfg = Release|Any CPU
		{9199B18A-3E6D-4BB2-9AFE-6D4B531AD48C}.Release|Any CPU.Build.0 = Release|Any CPU
		{0AF631BE-46C4-4B3A-BA88-7EEB52C5BF6F}.Debug|Any CPU.ActiveCfg = Debug|Any CPU
		{0AF631BE-46C4-4B3A-BA88-7EEB52C5BF6F}.Debug|Any CPU.Build.0 = Debug|Any CPU
		{0AF631BE-46C4-4B3A-BA88-7EEB52C5BF6F}.Release|Any CPU.ActiveCfg = Release|Any CPU
		{0AF631BE-46C4-4B3A-BA88-7EEB52C5BF6F}.Release|Any CPU.Build.0 = Release|Any CPU
		{9A55B6FF-698E-4A45-B2BA-8D927DD980CF}.Debug|Any CPU.ActiveCfg = Debug|Any CPU
		{9A55B6FF-698E-4A45-B2BA-8D927DD980CF}.Debug|Any CPU.Build.0 = Debug|Any CPU
		{9A55B6FF-698E-4A45-B2BA-8D927DD980CF}.Release|Any CPU.ActiveCfg = Release|Any CPU
		{9A55B6FF-698E-4A45-B2BA-8D927DD980CF}.Release|Any CPU.Build.0 = Release|Any CPU
	EndGlobalSection
	GlobalSection(SolutionProperties) = preSolution
		HideSolutionNode = FALSE
	EndGlobalSection
	GlobalSection(NestedProjects) = preSolution
		{585A6BB4-7020-4561-B083-98AB82DFAE17} = {F95A703B-F991-4523-AE5D-BEA036E78CD4}
		{A6B4CAD5-30AD-4461-B5A0-6D720095B7DE} = {F95A703B-F991-4523-AE5D-BEA036E78CD4}
		{6B07C95C-6178-4AAD-BB76-2543DE7FD168} = {6E3E8C9C-FCF1-4228-9A73-DA56FE506CCF}
		{8B0A374A-83D7-458A-AB99-DF8389DF1212} = {6E3E8C9C-FCF1-4228-9A73-DA56FE506CCF}
		{9199B18A-3E6D-4BB2-9AFE-6D4B531AD48C} = {6F6DFAF3-C68A-45BD-A3DE-56C37EEB6FF4}
		{0AF631BE-46C4-4B3A-BA88-7EEB52C5BF6F} = {6F6DFAF3-C68A-45BD-A3DE-56C37EEB6FF4}
		{9A55B6FF-698E-4A45-B2BA-8D927DD980CF} = {6E3E8C9C-FCF1-4228-9A73-DA56FE506CCF}
	EndGlobalSection
EndGlobal
